
Microsoft Visual Studio Solution File, Format Version 12.00
# Visual Studio Version 16
VisualStudioVersion = 16.0.32106.194
MinimumVisualStudioVersion = 10.0.40219.1
Project("{FAE04EC0-301F-11D3-BF4B-00C04F79EFBC}") = "App.Web", "App.Web\App.Web.csproj", "{0596FD02-11DD-4DA8-A46D-D069D42CF36B}"
EndProject
Project("{FAE04EC0-301F-11D3-BF4B-00C04F79EFBC}") = "App.Core", "App.Core\App.Core.csproj", "{D911E105-4FB7-4BA4-BB9A-A45724969F9A}"
EndProject
Project("{FAE04EC0-301F-11D3-BF4B-00C04F79EFBC}") = "App.Data", "App.Data\App.Data.csproj", "{287C3128-5011-43BC-8EDC-33CEBA732479}"
EndProject
Project("{FAE04EC0-301F-11D3-BF4B-00C04F79EFBC}") = "App.Services", "App.Services\App.Services.csproj", "{8750B8F8-2883-49D4-A45B-969B67162D88}"
EndProject
Project("{FAE04EC0-301F-11D3-BF4B-00C04F79EFBC}") = "App.Services.Contract", "App.Services.Contract\App.Services.Contract.csproj", "{BF003F4F-A019-4B58-B3EC-A8B8F69926CA}"
EndProject
Global
	GlobalSection(SolutionConfigurationPlatforms) = preSolution
		Debug|Any CPU = Debug|Any CPU
		Release|Any CPU = Release|Any CPU
	EndGlobalSection
	GlobalSection(ProjectConfigurationPlatforms) = postSolution
		{0596FD02-11DD-4DA8-A46D-D069D42CF36B}.Debug|Any CPU.ActiveCfg = Debug|Any CPU
		{0596FD02-11DD-4DA8-A46D-D069D42CF36B}.Debug|Any CPU.Build.0 = Debug|Any CPU
		{0596FD02-11DD-4DA8-A46D-D069D42CF36B}.Release|Any CPU.ActiveCfg = Release|Any CPU
		{0596FD02-11DD-4DA8-A46D-D069D42CF36B}.Release|Any CPU.Build.0 = Release|Any CPU
		{D911E105-4FB7-4BA4-BB9A-A45724969F9A}.Debug|Any CPU.ActiveCfg = Debug|Any CPU
		{D911E105-4FB7-4BA4-BB9A-A45724969F9A}.Debug|Any CPU.Build.0 = Debug|Any CPU
		{D911E105-4FB7-4BA4-BB9A-A45724969F9A}.Release|Any CPU.ActiveCfg = Release|Any CPU
		{D911E105-4FB7-4BA4-BB9A-A45724969F9A}.Release|Any CPU.Build.0 = Release|Any CPU
		{287C3128-5011-43BC-8EDC-33CEBA732479}.Debug|Any CPU.ActiveCfg = Debug|Any CPU
		{287C3128-5011-43BC-8EDC-33CEBA732479}.Debug|Any CPU.Build.0 = Debug|Any CPU
		{287C3128-5011-43BC-8EDC-33CEBA732479}.Release|Any CPU.ActiveCfg = Release|Any CPU
		{287C3128-5011-43BC-8EDC-33CEBA732479}.Release|Any CPU.Build.0 = Release|Any CPU
		{8750B8F8-2883-49D4-A45B-969B67162D88}.Debug|Any CPU.ActiveCfg = Debug|Any CPU
		{8750B8F8-2883-49D4-A45B-969B67162D88}.Debug|Any CPU.Build.0 = Debug|Any CPU
		{8750B8F8-2883-49D4-A45B-969B67162D88}.Release|Any CPU.ActiveCfg = Release|Any CPU
		{8750B8F8-2883-49D4-A45B-969B67162D88}.Release|Any CPU.Build.0 = Release|Any CPU
		{BF003F4F-A019-4B58-B3EC-A8B8F69926CA}.Debug|Any CPU.ActiveCfg = Debug|Any CPU
		{BF003F4F-A019-4B58-B3EC-A8B8F69926CA}.Debug|Any CPU.Build.0 = Debug|Any CPU
		{BF003F4F-A019-4B58-B3EC-A8B8F69926CA}.Release|Any CPU.ActiveCfg = Release|Any CPU
		{BF003F4F-A019-4B58-B3EC-A8B8F69926CA}.Release|Any CPU.Build.0 = Release|Any CPU
	EndGlobalSection
	GlobalSection(SolutionProperties) = preSolution
		HideSolutionNode = FALSE
	EndGlobalSection
	GlobalSection(ExtensibilityGlobals) = postSolution
		SolutionGuid = {6CA477C1-5555-4D12-8C8C-773B160D9DA5}
	EndGlobalSection
EndGlobal
